// !$*UTF8*$!
{
	archiveVersion = 1;
	classes = {
	};
	objectVersion = 46;
	objects = {

/* Begin PBXBuildFile section */
		3D561BD51EEE42E7003086FD /* CatColor.swift in Sources */ = {isa = PBXBuildFile; fileRef = 3D561BD41EEE42E7003086FD /* CatColor.swift */; };
		3D561BD71EEE492C003086FD /* CircleImageView.swift in Sources */ = {isa = PBXBuildFile; fileRef = 3D561BD61EEE492C003086FD /* CircleImageView.swift */; };
		3D561BD91EEE4941003086FD /* CircleImageViewViewModel.swift in Sources */ = {isa = PBXBuildFile; fileRef = 3D561BD81EEE4941003086FD /* CircleImageViewViewModel.swift */; };
		3D561BDB1EEE4A11003086FD /* UserSignUpViewController.swift in Sources */ = {isa = PBXBuildFile; fileRef = 3D561BDA1EEE4A11003086FD /* UserSignUpViewController.swift */; };
		3DB48B231EEB7BC20057D96C /* UserLogIn.storyboard in Resources */ = {isa = PBXBuildFile; fileRef = 3DB48B221EEB7BC20057D96C /* UserLogIn.storyboard */; };
		3DB48B251EEB7BD30057D96C /* UserSignUp.storyboard in Resources */ = {isa = PBXBuildFile; fileRef = 3DB48B241EEB7BD30057D96C /* UserSignUp.storyboard */; };
		3DB48B271EEB7BF00057D96C /* TermsAndConditions.storyboard in Resources */ = {isa = PBXBuildFile; fileRef = 3DB48B261EEB7BF00057D96C /* TermsAndConditions.storyboard */; };
		3DB48B291EEB7C140057D96C /* DashBoard.storyboard in Resources */ = {isa = PBXBuildFile; fileRef = 3DB48B281EEB7C140057D96C /* DashBoard.storyboard */; };
		3DB48B2B1EEB7C590057D96C /* InfoCard.storyboard in Resources */ = {isa = PBXBuildFile; fileRef = 3DB48B2A1EEB7C590057D96C /* InfoCard.storyboard */; };
		3DB48B2D1EEB7C8E0057D96C /* History.storyboard in Resources */ = {isa = PBXBuildFile; fileRef = 3DB48B2C1EEB7C8E0057D96C /* History.storyboard */; };
		3DB48B311EEB7DC10057D96C /* UserLogInViewController.swift in Sources */ = {isa = PBXBuildFile; fileRef = 3DB48B301EEB7DC10057D96C /* UserLogInViewController.swift */; };
		3DB48B331EEB7E1F0057D96C /* CatTextField.swift in Sources */ = {isa = PBXBuildFile; fileRef = 3DB48B321EEB7E1F0057D96C /* CatTextField.swift */; };
		3DCA50801EEB9A8300A4421C /* CatTextFieldViewModel.swift in Sources */ = {isa = PBXBuildFile; fileRef = 3DCA507F1EEB9A8300A4421C /* CatTextFieldViewModel.swift */; };
		3DCA50821EECD48F00A4421C /* CatButton.swift in Sources */ = {isa = PBXBuildFile; fileRef = 3DCA50811EECD48F00A4421C /* CatButton.swift */; };
		3DCA50841EECD4F600A4421C /* CatButtonViewModel.swift in Sources */ = {isa = PBXBuildFile; fileRef = 3DCA50831EECD4F600A4421C /* CatButtonViewModel.swift */; };
		3DFB3B8C1E6F568F0006FEE2 /* AppDelegate.swift in Sources */ = {isa = PBXBuildFile; fileRef = 3DFB3B8B1E6F568F0006FEE2 /* AppDelegate.swift */; };
		3DFB3B941E6F568F0006FEE2 /* Cat_Nap.xcdatamodeld in Sources */ = {isa = PBXBuildFile; fileRef = 3DFB3B921E6F568F0006FEE2 /* Cat_Nap.xcdatamodeld */; };
		3DFB3B961E6F568F0006FEE2 /* Assets.xcassets in Resources */ = {isa = PBXBuildFile; fileRef = 3DFB3B951E6F568F0006FEE2 /* Assets.xcassets */; };
		3DFB3B991E6F568F0006FEE2 /* LaunchScreen.storyboard in Resources */ = {isa = PBXBuildFile; fileRef = 3DFB3B971E6F568F0006FEE2 /* LaunchScreen.storyboard */; };
		3DFB3BA41E6F568F0006FEE2 /* Cat_NapTests.swift in Sources */ = {isa = PBXBuildFile; fileRef = 3DFB3BA31E6F568F0006FEE2 /* Cat_NapTests.swift */; };
		3DFB3BAF1E6F56900006FEE2 /* Cat_NapUITests.swift in Sources */ = {isa = PBXBuildFile; fileRef = 3DFB3BAE1E6F56900006FEE2 /* Cat_NapUITests.swift */; };
		AED5C69690A904C3123E886E /* Pods_Cat_NapTests.framework in Frameworks */ = {isa = PBXBuildFile; fileRef = A9D015AE8DB4570283879EA3 /* Pods_Cat_NapTests.framework */; };
		B279C219C77F867F392A5CE7 /* Pods_Cat_NapUITests.framework in Frameworks */ = {isa = PBXBuildFile; fileRef = 744ED563F21A3CE26700E77D /* Pods_Cat_NapUITests.framework */; };
		C036FF2BB1FE11EF6846A5B5 /* Pods_Cat_Nap.framework in Frameworks */ = {isa = PBXBuildFile; fileRef = 8D0B0D243CFC377E7672D46C /* Pods_Cat_Nap.framework */; };
/* End PBXBuildFile section */

/* Begin PBXContainerItemProxy section */
		3DFB3BA01E6F568F0006FEE2 /* PBXContainerItemProxy */ = {
			isa = PBXContainerItemProxy;
			containerPortal = 3DFB3B801E6F568F0006FEE2 /* Project object */;
			proxyType = 1;
			remoteGlobalIDString = 3DFB3B871E6F568F0006FEE2;
			remoteInfo = "Cat Nap";
		};
		3DFB3BAB1E6F568F0006FEE2 /* PBXContainerItemProxy */ = {
			isa = PBXContainerItemProxy;
			containerPortal = 3DFB3B801E6F568F0006FEE2 /* Project object */;
			proxyType = 1;
			remoteGlobalIDString = 3DFB3B871E6F568F0006FEE2;
			remoteInfo = "Cat Nap";
		};
/* End PBXContainerItemProxy section */

/* Begin PBXFileReference section */
		0EB4E7943794FED6C897003F /* Pods-Cat Nap.debug.xcconfig */ = {isa = PBXFileReference; includeInIndex = 1; lastKnownFileType = text.xcconfig; name = "Pods-Cat Nap.debug.xcconfig"; path = "Pods/Target Support Files/Pods-Cat Nap/Pods-Cat Nap.debug.xcconfig"; sourceTree = "<group>"; };
		3D561BD41EEE42E7003086FD /* CatColor.swift */ = {isa = PBXFileReference; fileEncoding = 4; lastKnownFileType = sourcecode.swift; path = CatColor.swift; sourceTree = "<group>"; };
		3D561BD61EEE492C003086FD /* CircleImageView.swift */ = {isa = PBXFileReference; fileEncoding = 4; lastKnownFileType = sourcecode.swift; path = CircleImageView.swift; sourceTree = "<group>"; };
		3D561BD81EEE4941003086FD /* CircleImageViewViewModel.swift */ = {isa = PBXFileReference; fileEncoding = 4; lastKnownFileType = sourcecode.swift; path = CircleImageViewViewModel.swift; sourceTree = "<group>"; };
		3D561BDA1EEE4A11003086FD /* UserSignUpViewController.swift */ = {isa = PBXFileReference; fileEncoding = 4; lastKnownFileType = sourcecode.swift; path = UserSignUpViewController.swift; sourceTree = "<group>"; };
		3DB48B221EEB7BC20057D96C /* UserLogIn.storyboard */ = {isa = PBXFileReference; fileEncoding = 4; lastKnownFileType = file.storyboard; path = UserLogIn.storyboard; sourceTree = "<group>"; };
		3DB48B241EEB7BD30057D96C /* UserSignUp.storyboard */ = {isa = PBXFileReference; fileEncoding = 4; lastKnownFileType = file.storyboard; path = UserSignUp.storyboard; sourceTree = "<group>"; };
		3DB48B261EEB7BF00057D96C /* TermsAndConditions.storyboard */ = {isa = PBXFileReference; fileEncoding = 4; lastKnownFileType = file.storyboard; path = TermsAndConditions.storyboard; sourceTree = "<group>"; };
		3DB48B281EEB7C140057D96C /* DashBoard.storyboard */ = {isa = PBXFileReference; fileEncoding = 4; lastKnownFileType = file.storyboard; path = DashBoard.storyboard; sourceTree = "<group>"; };
		3DB48B2A1EEB7C590057D96C /* InfoCard.storyboard */ = {isa = PBXFileReference; fileEncoding = 4; lastKnownFileType = file.storyboard; path = InfoCard.storyboard; sourceTree = "<group>"; };
		3DB48B2C1EEB7C8E0057D96C /* History.storyboard */ = {isa = PBXFileReference; fileEncoding = 4; lastKnownFileType = file.storyboard; path = History.storyboard; sourceTree = "<group>"; };
		3DB48B301EEB7DC10057D96C /* UserLogInViewController.swift */ = {isa = PBXFileReference; fileEncoding = 4; lastKnownFileType = sourcecode.swift; path = UserLogInViewController.swift; sourceTree = "<group>"; };
		3DB48B321EEB7E1F0057D96C /* CatTextField.swift */ = {isa = PBXFileReference; fileEncoding = 4; lastKnownFileType = sourcecode.swift; path = CatTextField.swift; sourceTree = "<group>"; };
		3DCA507F1EEB9A8300A4421C /* CatTextFieldViewModel.swift */ = {isa = PBXFileReference; fileEncoding = 4; lastKnownFileType = sourcecode.swift; path = CatTextFieldViewModel.swift; sourceTree = "<group>"; };
		3DCA50811EECD48F00A4421C /* CatButton.swift */ = {isa = PBXFileReference; fileEncoding = 4; lastKnownFileType = sourcecode.swift; path = CatButton.swift; sourceTree = "<group>"; };
		3DCA50831EECD4F600A4421C /* CatButtonViewModel.swift */ = {isa = PBXFileReference; fileEncoding = 4; lastKnownFileType = sourcecode.swift; path = CatButtonViewModel.swift; sourceTree = "<group>"; };
		3DFB3B881E6F568F0006FEE2 /* Cat Nap.app */ = {isa = PBXFileReference; explicitFileType = wrapper.application; includeInIndex = 0; path = "Cat Nap.app"; sourceTree = BUILT_PRODUCTS_DIR; };
		3DFB3B8B1E6F568F0006FEE2 /* AppDelegate.swift */ = {isa = PBXFileReference; lastKnownFileType = sourcecode.swift; path = AppDelegate.swift; sourceTree = "<group>"; };
		3DFB3B931E6F568F0006FEE2 /* Cat_Nap.xcdatamodel */ = {isa = PBXFileReference; lastKnownFileType = wrapper.xcdatamodel; path = Cat_Nap.xcdatamodel; sourceTree = "<group>"; };
		3DFB3B951E6F568F0006FEE2 /* Assets.xcassets */ = {isa = PBXFileReference; lastKnownFileType = folder.assetcatalog; path = Assets.xcassets; sourceTree = "<group>"; };
		3DFB3B981E6F568F0006FEE2 /* Base */ = {isa = PBXFileReference; lastKnownFileType = file.storyboard; name = Base; path = Base.lproj/LaunchScreen.storyboard; sourceTree = "<group>"; };
		3DFB3B9A1E6F568F0006FEE2 /* Info.plist */ = {isa = PBXFileReference; lastKnownFileType = text.plist.xml; path = Info.plist; sourceTree = "<group>"; };
		3DFB3B9F1E6F568F0006FEE2 /* Cat NapTests.xctest */ = {isa = PBXFileReference; explicitFileType = wrapper.cfbundle; includeInIndex = 0; path = "Cat NapTests.xctest"; sourceTree = BUILT_PRODUCTS_DIR; };
		3DFB3BA31E6F568F0006FEE2 /* Cat_NapTests.swift */ = {isa = PBXFileReference; lastKnownFileType = sourcecode.swift; path = Cat_NapTests.swift; sourceTree = "<group>"; };
		3DFB3BA51E6F568F0006FEE2 /* Info.plist */ = {isa = PBXFileReference; lastKnownFileType = text.plist.xml; path = Info.plist; sourceTree = "<group>"; };
		3DFB3BAA1E6F568F0006FEE2 /* Cat NapUITests.xctest */ = {isa = PBXFileReference; explicitFileType = wrapper.cfbundle; includeInIndex = 0; path = "Cat NapUITests.xctest"; sourceTree = BUILT_PRODUCTS_DIR; };
		3DFB3BAE1E6F56900006FEE2 /* Cat_NapUITests.swift */ = {isa = PBXFileReference; lastKnownFileType = sourcecode.swift; path = Cat_NapUITests.swift; sourceTree = "<group>"; };
		3DFB3BB01E6F56900006FEE2 /* Info.plist */ = {isa = PBXFileReference; lastKnownFileType = text.plist.xml; path = Info.plist; sourceTree = "<group>"; };
		6C336EEC016FCB78B71239CB /* Pods-Cat NapTests.release.xcconfig */ = {isa = PBXFileReference; includeInIndex = 1; lastKnownFileType = text.xcconfig; name = "Pods-Cat NapTests.release.xcconfig"; path = "Pods/Target Support Files/Pods-Cat NapTests/Pods-Cat NapTests.release.xcconfig"; sourceTree = "<group>"; };
		744ED563F21A3CE26700E77D /* Pods_Cat_NapUITests.framework */ = {isa = PBXFileReference; explicitFileType = wrapper.framework; includeInIndex = 0; path = Pods_Cat_NapUITests.framework; sourceTree = BUILT_PRODUCTS_DIR; };
		8D0B0D243CFC377E7672D46C /* Pods_Cat_Nap.framework */ = {isa = PBXFileReference; explicitFileType = wrapper.framework; includeInIndex = 0; path = Pods_Cat_Nap.framework; sourceTree = BUILT_PRODUCTS_DIR; };
		A1316BCC8AA33C4C31245E6F /* Pods-Cat NapTests.debug.xcconfig */ = {isa = PBXFileReference; includeInIndex = 1; lastKnownFileType = text.xcconfig; name = "Pods-Cat NapTests.debug.xcconfig"; path = "Pods/Target Support Files/Pods-Cat NapTests/Pods-Cat NapTests.debug.xcconfig"; sourceTree = "<group>"; };
		A9D015AE8DB4570283879EA3 /* Pods_Cat_NapTests.framework */ = {isa = PBXFileReference; explicitFileType = wrapper.framework; includeInIndex = 0; path = Pods_Cat_NapTests.framework; sourceTree = BUILT_PRODUCTS_DIR; };
		CED8741E829D15721097F43B /* Pods-Cat NapUITests.release.xcconfig */ = {isa = PBXFileReference; includeInIndex = 1; lastKnownFileType = text.xcconfig; name = "Pods-Cat NapUITests.release.xcconfig"; path = "Pods/Target Support Files/Pods-Cat NapUITests/Pods-Cat NapUITests.release.xcconfig"; sourceTree = "<group>"; };
		DE3149A73D51BAA988CC172A /* Pods-Cat NapUITests.debug.xcconfig */ = {isa = PBXFileReference; includeInIndex = 1; lastKnownFileType = text.xcconfig; name = "Pods-Cat NapUITests.debug.xcconfig"; path = "Pods/Target Support Files/Pods-Cat NapUITests/Pods-Cat NapUITests.debug.xcconfig"; sourceTree = "<group>"; };
		EFE0A2818F014CC8FB5CF9A2 /* Pods-Cat Nap.release.xcconfig */ = {isa = PBXFileReference; includeInIndex = 1; lastKnownFileType = text.xcconfig; name = "Pods-Cat Nap.release.xcconfig"; path = "Pods/Target Support Files/Pods-Cat Nap/Pods-Cat Nap.release.xcconfig"; sourceTree = "<group>"; };
/* End PBXFileReference section */

/* Begin PBXFrameworksBuildPhase section */
		3DFB3B851E6F568F0006FEE2 /* Frameworks */ = {
			isa = PBXFrameworksBuildPhase;
			buildActionMask = 2147483647;
			files = (
				C036FF2BB1FE11EF6846A5B5 /* Pods_Cat_Nap.framework in Frameworks */,
			);
			runOnlyForDeploymentPostprocessing = 0;
		};
		3DFB3B9C1E6F568F0006FEE2 /* Frameworks */ = {
			isa = PBXFrameworksBuildPhase;
			buildActionMask = 2147483647;
			files = (
				AED5C69690A904C3123E886E /* Pods_Cat_NapTests.framework in Frameworks */,
			);
			runOnlyForDeploymentPostprocessing = 0;
		};
		3DFB3BA71E6F568F0006FEE2 /* Frameworks */ = {
			isa = PBXFrameworksBuildPhase;
			buildActionMask = 2147483647;
			files = (
				B279C219C77F867F392A5CE7 /* Pods_Cat_NapUITests.framework in Frameworks */,
			);
			runOnlyForDeploymentPostprocessing = 0;
		};
/* End PBXFrameworksBuildPhase section */

/* Begin PBXGroup section */
		3DB48B201EEB7A920057D96C /* Storyboards */ = {
			isa = PBXGroup;
			children = (
				3DFB3B971E6F568F0006FEE2 /* LaunchScreen.storyboard */,
				3DB48B221EEB7BC20057D96C /* UserLogIn.storyboard */,
				3DB48B241EEB7BD30057D96C /* UserSignUp.storyboard */,
				3DB48B261EEB7BF00057D96C /* TermsAndConditions.storyboard */,
				3DB48B281EEB7C140057D96C /* DashBoard.storyboard */,
				3DB48B2A1EEB7C590057D96C /* InfoCard.storyboard */,
				3DB48B2C1EEB7C8E0057D96C /* History.storyboard */,
			);
			name = Storyboards;
			sourceTree = "<group>";
		};
		3DB48B211EEB7A9B0057D96C /* Views */ = {
			isa = PBXGroup;
			children = (
				3DB48B321EEB7E1F0057D96C /* CatTextField.swift */,
				3DCA50811EECD48F00A4421C /* CatButton.swift */,
				3D561BD61EEE492C003086FD /* CircleImageView.swift */,
				3DB48B201EEB7A920057D96C /* Storyboards */,
			);
			name = Views;
			sourceTree = "<group>";
		};
		3DB48B2E1EEB7D560057D96C /* ViewControllers */ = {
			isa = PBXGroup;
			children = (
				3DB48B301EEB7DC10057D96C /* UserLogInViewController.swift */,
				3D561BDA1EEE4A11003086FD /* UserSignUpViewController.swift */,
			);
			name = ViewControllers;
			sourceTree = "<group>";
		};
		3DB48B2F1EEB7D7D0057D96C /* Support */ = {
			isa = PBXGroup;
			children = (
				3DFB3B8B1E6F568F0006FEE2 /* AppDelegate.swift */,
				3DFB3B951E6F568F0006FEE2 /* Assets.xcassets */,
				3DFB3B9A1E6F568F0006FEE2 /* Info.plist */,
				3DFB3B921E6F568F0006FEE2 /* Cat_Nap.xcdatamodeld */,
				3D561BD41EEE42E7003086FD /* CatColor.swift */,
			);
			name = Support;
			path = "Cat Nap";
			sourceTree = "<group>";
		};
		3DCA507E1EEB9A6500A4421C /* View Models */ = {
			isa = PBXGroup;
			children = (
				3DCA507F1EEB9A8300A4421C /* CatTextFieldViewModel.swift */,
				3DCA50831EECD4F600A4421C /* CatButtonViewModel.swift */,
				3D561BD81EEE4941003086FD /* CircleImageViewViewModel.swift */,
			);
			name = "View Models";
			sourceTree = "<group>";
		};
		3DFB3B7F1E6F568F0006FEE2 = {
			isa = PBXGroup;
			children = (
				3DFB3B8A1E6F568F0006FEE2 /* Cat Nap */,
				3DB48B2F1EEB7D7D0057D96C /* Support */,
				3DFB3BA21E6F568F0006FEE2 /* Cat NapTests */,
				3DFB3BAD1E6F568F0006FEE2 /* Cat NapUITests */,
				3DFB3B891E6F568F0006FEE2 /* Products */,
				A53CA2C6F6B3F3F8F28925B6 /* Pods */,
				605E8598D6DD251FCF194AFD /* Frameworks */,
			);
			sourceTree = "<group>";
		};
		3DFB3B891E6F568F0006FEE2 /* Products */ = {
			isa = PBXGroup;
			children = (
				3DFB3B881E6F568F0006FEE2 /* Cat Nap.app */,
				3DFB3B9F1E6F568F0006FEE2 /* Cat NapTests.xctest */,
				3DFB3BAA1E6F568F0006FEE2 /* Cat NapUITests.xctest */,
			);
			name = Products;
			sourceTree = "<group>";
		};
		3DFB3B8A1E6F568F0006FEE2 /* Cat Nap */ = {
			isa = PBXGroup;
			children = (
				3DB48B2E1EEB7D560057D96C /* ViewControllers */,
				3DB48B211EEB7A9B0057D96C /* Views */,
				3DCA507E1EEB9A6500A4421C /* View Models */,
			);
			path = "Cat Nap";
			sourceTree = "<group>";
		};
		3DFB3BA21E6F568F0006FEE2 /* Cat NapTests */ = {
			isa = PBXGroup;
			children = (
				3DFB3BA31E6F568F0006FEE2 /* Cat_NapTests.swift */,
				3DFB3BA51E6F568F0006FEE2 /* Info.plist */,
			);
			path = "Cat NapTests";
			sourceTree = "<group>";
		};
		3DFB3BAD1E6F568F0006FEE2 /* Cat NapUITests */ = {
			isa = PBXGroup;
			children = (
				3DFB3BAE1E6F56900006FEE2 /* Cat_NapUITests.swift */,
				3DFB3BB01E6F56900006FEE2 /* Info.plist */,
			);
			path = "Cat NapUITests";
			sourceTree = "<group>";
		};
		605E8598D6DD251FCF194AFD /* Frameworks */ = {
			isa = PBXGroup;
			children = (
				8D0B0D243CFC377E7672D46C /* Pods_Cat_Nap.framework */,
				A9D015AE8DB4570283879EA3 /* Pods_Cat_NapTests.framework */,
				744ED563F21A3CE26700E77D /* Pods_Cat_NapUITests.framework */,
			);
			name = Frameworks;
			sourceTree = "<group>";
		};
		A53CA2C6F6B3F3F8F28925B6 /* Pods */ = {
			isa = PBXGroup;
			children = (
				0EB4E7943794FED6C897003F /* Pods-Cat Nap.debug.xcconfig */,
				EFE0A2818F014CC8FB5CF9A2 /* Pods-Cat Nap.release.xcconfig */,
				A1316BCC8AA33C4C31245E6F /* Pods-Cat NapTests.debug.xcconfig */,
				6C336EEC016FCB78B71239CB /* Pods-Cat NapTests.release.xcconfig */,
				DE3149A73D51BAA988CC172A /* Pods-Cat NapUITests.debug.xcconfig */,
				CED8741E829D15721097F43B /* Pods-Cat NapUITests.release.xcconfig */,
			);
			name = Pods;
			sourceTree = "<group>";
		};
/* End PBXGroup section */

/* Begin PBXNativeTarget section */
		3DFB3B871E6F568F0006FEE2 /* Cat Nap */ = {
			isa = PBXNativeTarget;
			buildConfigurationList = 3DFB3BB31E6F56900006FEE2 /* Build configuration list for PBXNativeTarget "Cat Nap" */;
			buildPhases = (
				31FC0FED2B0F9790FCE190DF /* [CP] Check Pods Manifest.lock */,
				3DFB3B841E6F568F0006FEE2 /* Sources */,
				3DFB3B851E6F568F0006FEE2 /* Frameworks */,
				3DFB3B861E6F568F0006FEE2 /* Resources */,
				276236BDCFF859F1C7C15FA3 /* [CP] Embed Pods Frameworks */,
				0958AEC76B41F4F5BA85F591 /* [CP] Copy Pods Resources */,
			);
			buildRules = (
			);
			dependencies = (
			);
			name = "Cat Nap";
			productName = "Cat Nap";
			productReference = 3DFB3B881E6F568F0006FEE2 /* Cat Nap.app */;
			productType = "com.apple.product-type.application";
		};
		3DFB3B9E1E6F568F0006FEE2 /* Cat NapTests */ = {
			isa = PBXNativeTarget;
			buildConfigurationList = 3DFB3BB61E6F56900006FEE2 /* Build configuration list for PBXNativeTarget "Cat NapTests" */;
			buildPhases = (
				69403431729842758255EB21 /* [CP] Check Pods Manifest.lock */,
				3DFB3B9B1E6F568F0006FEE2 /* Sources */,
				3DFB3B9C1E6F568F0006FEE2 /* Frameworks */,
				3DFB3B9D1E6F568F0006FEE2 /* Resources */,
				A411D44A7A4040F95B3EF14F /* [CP] Embed Pods Frameworks */,
				05EE618C44AC73855067BF3F /* [CP] Copy Pods Resources */,
			);
			buildRules = (
			);
			dependencies = (
				3DFB3BA11E6F568F0006FEE2 /* PBXTargetDependency */,
			);
			name = "Cat NapTests";
			productName = "Cat NapTests";
			productReference = 3DFB3B9F1E6F568F0006FEE2 /* Cat NapTests.xctest */;
			productType = "com.apple.product-type.bundle.unit-test";
		};
		3DFB3BA91E6F568F0006FEE2 /* Cat NapUITests */ = {
			isa = PBXNativeTarget;
			buildConfigurationList = 3DFB3BB91E6F56900006FEE2 /* Build configuration list for PBXNativeTarget "Cat NapUITests" */;
			buildPhases = (
				3C43644B44A2718A44306C7B /* [CP] Check Pods Manifest.lock */,
				3DFB3BA61E6F568F0006FEE2 /* Sources */,
				3DFB3BA71E6F568F0006FEE2 /* Frameworks */,
				3DFB3BA81E6F568F0006FEE2 /* Resources */,
				87B90AC7B9ADCBDF7C9B3CD0 /* [CP] Embed Pods Frameworks */,
				D9C527F9B5EDAB1F52FFD049 /* [CP] Copy Pods Resources */,
			);
			buildRules = (
			);
			dependencies = (
				3DFB3BAC1E6F568F0006FEE2 /* PBXTargetDependency */,
			);
			name = "Cat NapUITests";
			productName = "Cat NapUITests";
			productReference = 3DFB3BAA1E6F568F0006FEE2 /* Cat NapUITests.xctest */;
			productType = "com.apple.product-type.bundle.ui-testing";
		};
/* End PBXNativeTarget section */

/* Begin PBXProject section */
		3DFB3B801E6F568F0006FEE2 /* Project object */ = {
			isa = PBXProject;
			attributes = {
				LastSwiftUpdateCheck = 0810;
				LastUpgradeCheck = 0810;
				ORGANIZATIONNAME = "Susan Lovaglio";
				TargetAttributes = {
					3DFB3B871E6F568F0006FEE2 = {
						CreatedOnToolsVersion = 8.1;
						DevelopmentTeam = CHJT78XY84;
						ProvisioningStyle = Automatic;
					};
					3DFB3B9E1E6F568F0006FEE2 = {
						CreatedOnToolsVersion = 8.1;
						DevelopmentTeam = CHJT78XY84;
						ProvisioningStyle = Automatic;
						TestTargetID = 3DFB3B871E6F568F0006FEE2;
					};
					3DFB3BA91E6F568F0006FEE2 = {
						CreatedOnToolsVersion = 8.1;
						DevelopmentTeam = CHJT78XY84;
						ProvisioningStyle = Automatic;
						TestTargetID = 3DFB3B871E6F568F0006FEE2;
					};
				};
			};
			buildConfigurationList = 3DFB3B831E6F568F0006FEE2 /* Build configuration list for PBXProject "Cat Nap" */;
			compatibilityVersion = "Xcode 3.2";
			developmentRegion = English;
			hasScannedForEncodings = 0;
			knownRegions = (
				en,
				Base,
			);
			mainGroup = 3DFB3B7F1E6F568F0006FEE2;
			productRefGroup = 3DFB3B891E6F568F0006FEE2 /* Products */;
			projectDirPath = "";
			projectRoot = "";
			targets = (
				3DFB3B871E6F568F0006FEE2 /* Cat Nap */,
				3DFB3B9E1E6F568F0006FEE2 /* Cat NapTests */,
				3DFB3BA91E6F568F0006FEE2 /* Cat NapUITests */,
			);
		};
/* End PBXProject section */

/* Begin PBXResourcesBuildPhase section */
		3DFB3B861E6F568F0006FEE2 /* Resources */ = {
			isa = PBXResourcesBuildPhase;
			buildActionMask = 2147483647;
			files = (
				3DB48B2B1EEB7C590057D96C /* InfoCard.storyboard in Resources */,
				3DB48B271EEB7BF00057D96C /* TermsAndConditions.storyboard in Resources */,
				3DB48B251EEB7BD30057D96C /* UserSignUp.storyboard in Resources */,
				3DFB3B991E6F568F0006FEE2 /* LaunchScreen.storyboard in Resources */,
				3DB48B291EEB7C140057D96C /* DashBoard.storyboard in Resources */,
				3DFB3B961E6F568F0006FEE2 /* Assets.xcassets in Resources */,
				3DB48B231EEB7BC20057D96C /* UserLogIn.storyboard in Resources */,
				3DB48B2D1EEB7C8E0057D96C /* History.storyboard in Resources */,
			);
			runOnlyForDeploymentPostprocessing = 0;
		};
		3DFB3B9D1E6F568F0006FEE2 /* Resources */ = {
			isa = PBXResourcesBuildPhase;
			buildActionMask = 2147483647;
			files = (
			);
			runOnlyForDeploymentPostprocessing = 0;
		};
		3DFB3BA81E6F568F0006FEE2 /* Resources */ = {
			isa = PBXResourcesBuildPhase;
			buildActionMask = 2147483647;
			files = (
			);
			runOnlyForDeploymentPostprocessing = 0;
		};
/* End PBXResourcesBuildPhase section */

/* Begin PBXShellScriptBuildPhase section */
		05EE618C44AC73855067BF3F /* [CP] Copy Pods Resources */ = {
			isa = PBXShellScriptBuildPhase;
			buildActionMask = 2147483647;
			files = (
			);
			inputPaths = (
			);
			name = "[CP] Copy Pods Resources";
			outputPaths = (
			);
			runOnlyForDeploymentPostprocessing = 0;
			shellPath = /bin/sh;
			shellScript = "\"${SRCROOT}/Pods/Target Support Files/Pods-Cat NapTests/Pods-Cat NapTests-resources.sh\"\n";
			showEnvVarsInLog = 0;
		};
		0958AEC76B41F4F5BA85F591 /* [CP] Copy Pods Resources */ = {
			isa = PBXShellScriptBuildPhase;
			buildActionMask = 2147483647;
			files = (
			);
			inputPaths = (
			);
			name = "[CP] Copy Pods Resources";
			outputPaths = (
			);
			runOnlyForDeploymentPostprocessing = 0;
			shellPath = /bin/sh;
			shellScript = "\"${SRCROOT}/Pods/Target Support Files/Pods-Cat Nap/Pods-Cat Nap-resources.sh\"\n";
			showEnvVarsInLog = 0;
		};
		276236BDCFF859F1C7C15FA3 /* [CP] Embed Pods Frameworks */ = {
			isa = PBXShellScriptBuildPhase;
			buildActionMask = 2147483647;
			files = (
			);
			inputPaths = (
			);
			name = "[CP] Embed Pods Frameworks";
			outputPaths = (
			);
			runOnlyForDeploymentPostprocessing = 0;
			shellPath = /bin/sh;
			shellScript = "\"${SRCROOT}/Pods/Target Support Files/Pods-Cat Nap/Pods-Cat Nap-frameworks.sh\"\n";
			showEnvVarsInLog = 0;
		};
		31FC0FED2B0F9790FCE190DF /* [CP] Check Pods Manifest.lock */ = {
			isa = PBXShellScriptBuildPhase;
			buildActionMask = 2147483647;
			files = (
			);
			inputPaths = (
			);
			name = "[CP] Check Pods Manifest.lock";
			outputPaths = (
			);
			runOnlyForDeploymentPostprocessing = 0;
			shellPath = /bin/sh;
			shellScript = "diff \"${PODS_ROOT}/../Podfile.lock\" \"${PODS_ROOT}/Manifest.lock\" > /dev/null\nif [ $? != 0 ] ; then\n    # print error to STDERR\n    echo \"error: The sandbox is not in sync with the Podfile.lock. Run 'pod install' or update your CocoaPods installation.\" >&2\n    exit 1\nfi\n";
			showEnvVarsInLog = 0;
		};
		3C43644B44A2718A44306C7B /* [CP] Check Pods Manifest.lock */ = {
			isa = PBXShellScriptBuildPhase;
			buildActionMask = 2147483647;
			files = (
			);
			inputPaths = (
			);
			name = "[CP] Check Pods Manifest.lock";
			outputPaths = (
			);
			runOnlyForDeploymentPostprocessing = 0;
			shellPath = /bin/sh;
			shellScript = "diff \"${PODS_ROOT}/../Podfile.lock\" \"${PODS_ROOT}/Manifest.lock\" > /dev/null\nif [ $? != 0 ] ; then\n    # print error to STDERR\n    echo \"error: The sandbox is not in sync with the Podfile.lock. Run 'pod install' or update your CocoaPods installation.\" >&2\n    exit 1\nfi\n";
			showEnvVarsInLog = 0;
		};
		69403431729842758255EB21 /* [CP] Check Pods Manifest.lock */ = {
			isa = PBXShellScriptBuildPhase;
			buildActionMask = 2147483647;
			files = (
			);
			inputPaths = (
			);
			name = "[CP] Check Pods Manifest.lock";
			outputPaths = (
			);
			runOnlyForDeploymentPostprocessing = 0;
			shellPath = /bin/sh;
			shellScript = "diff \"${PODS_ROOT}/../Podfile.lock\" \"${PODS_ROOT}/Manifest.lock\" > /dev/null\nif [ $? != 0 ] ; then\n    # print error to STDERR\n    echo \"error: The sandbox is not in sync with the Podfile.lock. Run 'pod install' or update your CocoaPods installation.\" >&2\n    exit 1\nfi\n";
			showEnvVarsInLog = 0;
		};
		87B90AC7B9ADCBDF7C9B3CD0 /* [CP] Embed Pods Frameworks */ = {
			isa = PBXShellScriptBuildPhase;
			buildActionMask = 2147483647;
			files = (
			);
			inputPaths = (
			);
			name = "[CP] Embed Pods Frameworks";
			outputPaths = (
			);
			runOnlyForDeploymentPostprocessing = 0;
			shellPath = /bin/sh;
			shellScript = "\"${SRCROOT}/Pods/Target Support Files/Pods-Cat NapUITests/Pods-Cat NapUITests-frameworks.sh\"\n";
			showEnvVarsInLog = 0;
		};
		A411D44A7A4040F95B3EF14F /* [CP] Embed Pods Frameworks */ = {
			isa = PBXShellScriptBuildPhase;
			buildActionMask = 2147483647;
			files = (
			);
			inputPaths = (
			);
			name = "[CP] Embed Pods Frameworks";
			outputPaths = (
			);
			runOnlyForDeploymentPostprocessing = 0;
			shellPath = /bin/sh;
			shellScript = "\"${SRCROOT}/Pods/Target Support Files/Pods-Cat NapTests/Pods-Cat NapTests-frameworks.sh\"\n";
			showEnvVarsInLog = 0;
		};
		D9C527F9B5EDAB1F52FFD049 /* [CP] Copy Pods Resources */ = {
			isa = PBXShellScriptBuildPhase;
			buildActionMask = 2147483647;
			files = (
			);
			inputPaths = (
			);
			name = "[CP] Copy Pods Resources";
			outputPaths = (
			);
			runOnlyForDeploymentPostprocessing = 0;
			shellPath = /bin/sh;
			shellScript = "\"${SRCROOT}/Pods/Target Support Files/Pods-Cat NapUITests/Pods-Cat NapUITests-resources.sh\"\n";
			showEnvVarsInLog = 0;
		};
/* End PBXShellScriptBuildPhase section */

/* Begin PBXSourcesBuildPhase section */
		3DFB3B841E6F568F0006FEE2 /* Sources */ = {
			isa = PBXSourcesBuildPhase;
			buildActionMask = 2147483647;
			files = (
				3D561BD51EEE42E7003086FD /* CatColor.swift in Sources */,
				3D561BD71EEE492C003086FD /* CircleImageView.swift in Sources */,
				3D561BDB1EEE4A11003086FD /* UserSignUpViewController.swift in Sources */,
				3DFB3B8C1E6F568F0006FEE2 /* AppDelegate.swift in Sources */,
				3DCA50801EEB9A8300A4421C /* CatTextFieldViewModel.swift in Sources */,
				3DFB3B941E6F568F0006FEE2 /* Cat_Nap.xcdatamodeld in Sources */,
				3DB48B331EEB7E1F0057D96C /* CatTextField.swift in Sources */,
				3DCA50821EECD48F00A4421C /* CatButton.swift in Sources */,
				3D561BD91EEE4941003086FD /* CircleImageViewViewModel.swift in Sources */,
				3DB48B311EEB7DC10057D96C /* UserLogInViewController.swift in Sources */,
				3DCA50841EECD4F600A4421C /* CatButtonViewModel.swift in Sources */,
			);
			runOnlyForDeploymentPostprocessing = 0;
		};
		3DFB3B9B1E6F568F0006FEE2 /* Sources */ = {
			isa = PBXSourcesBuildPhase;
			buildActionMask = 2147483647;
			files = (
				3DFB3BA41E6F568F0006FEE2 /* Cat_NapTests.swift in Sources */,
			);
			runOnlyForDeploymentPostprocessing = 0;
		};
		3DFB3BA61E6F568F0006FEE2 /* Sources */ = {
			isa = PBXSourcesBuildPhase;
			buildActionMask = 2147483647;
			files = (
				3DFB3BAF1E6F56900006FEE2 /* Cat_NapUITests.swift in Sources */,
			);
			runOnlyForDeploymentPostprocessing = 0;
		};
/* End PBXSourcesBuildPhase section */

/* Begin PBXTargetDependency section */
		3DFB3BA11E6F568F0006FEE2 /* PBXTargetDependency */ = {
			isa = PBXTargetDependency;
			target = 3DFB3B871E6F568F0006FEE2 /* Cat Nap */;
			targetProxy = 3DFB3BA01E6F568F0006FEE2 /* PBXContainerItemProxy */;
		};
		3DFB3BAC1E6F568F0006FEE2 /* PBXTargetDependency */ = {
			isa = PBXTargetDependency;
			target = 3DFB3B871E6F568F0006FEE2 /* Cat Nap */;
			targetProxy = 3DFB3BAB1E6F568F0006FEE2 /* PBXContainerItemProxy */;
		};
/* End PBXTargetDependency section */

/* Begin PBXVariantGroup section */
		3DFB3B971E6F568F0006FEE2 /* LaunchScreen.storyboard */ = {
			isa = PBXVariantGroup;
			children = (
				3DFB3B981E6F568F0006FEE2 /* Base */,
			);
			name = LaunchScreen.storyboard;
			sourceTree = "<group>";
		};
/* End PBXVariantGroup section */

/* Begin XCBuildConfiguration section */
		3DFB3BB11E6F56900006FEE2 /* Debug */ = {
			isa = XCBuildConfiguration;
			buildSettings = {
				ALWAYS_SEARCH_USER_PATHS = NO;
				CLANG_ANALYZER_NONNULL = YES;
				CLANG_CXX_LANGUAGE_STANDARD = "gnu++0x";
				CLANG_CXX_LIBRARY = "libc++";
				CLANG_ENABLE_MODULES = YES;
				CLANG_ENABLE_OBJC_ARC = YES;
				CLANG_WARN_BOOL_CONVERSION = YES;
				CLANG_WARN_CONSTANT_CONVERSION = YES;
				CLANG_WARN_DIRECT_OBJC_ISA_USAGE = YES_ERROR;
				CLANG_WARN_DOCUMENTATION_COMMENTS = YES;
				CLANG_WARN_EMPTY_BODY = YES;
				CLANG_WARN_ENUM_CONVERSION = YES;
				CLANG_WARN_INFINITE_RECURSION = YES;
				CLANG_WARN_INT_CONVERSION = YES;
				CLANG_WARN_OBJC_ROOT_CLASS = YES_ERROR;
				CLANG_WARN_SUSPICIOUS_MOVES = YES;
				CLANG_WARN_UNREACHABLE_CODE = YES;
				CLANG_WARN__DUPLICATE_METHOD_MATCH = YES;
				"CODE_SIGN_IDENTITY[sdk=iphoneos*]" = "iPhone Developer";
				COPY_PHASE_STRIP = NO;
				DEBUG_INFORMATION_FORMAT = dwarf;
				ENABLE_STRICT_OBJC_MSGSEND = YES;
				ENABLE_TESTABILITY = YES;
				GCC_C_LANGUAGE_STANDARD = gnu99;
				GCC_DYNAMIC_NO_PIC = NO;
				GCC_NO_COMMON_BLOCKS = YES;
				GCC_OPTIMIZATION_LEVEL = 0;
				GCC_PREPROCESSOR_DEFINITIONS = (
					"DEBUG=1",
					"$(inherited)",
				);
				GCC_WARN_64_TO_32_BIT_CONVERSION = YES;
				GCC_WARN_ABOUT_RETURN_TYPE = YES_ERROR;
				GCC_WARN_UNDECLARED_SELECTOR = YES;
				GCC_WARN_UNINITIALIZED_AUTOS = YES_AGGRESSIVE;
				GCC_WARN_UNUSED_FUNCTION = YES;
				GCC_WARN_UNUSED_VARIABLE = YES;
				IPHONEOS_DEPLOYMENT_TARGET = 10.1;
				MTL_ENABLE_DEBUG_INFO = YES;
				ONLY_ACTIVE_ARCH = YES;
				SDKROOT = iphoneos;
				SWIFT_ACTIVE_COMPILATION_CONDITIONS = DEBUG;
				SWIFT_OPTIMIZATION_LEVEL = "-Onone";
				TARGETED_DEVICE_FAMILY = "1,2";
			};
			name = Debug;
		};
		3DFB3BB21E6F56900006FEE2 /* Release */ = {
			isa = XCBuildConfiguration;
			buildSettings = {
				ALWAYS_SEARCH_USER_PATHS = NO;
				CLANG_ANALYZER_NONNULL = YES;
				CLANG_CXX_LANGUAGE_STANDARD = "gnu++0x";
				CLANG_CXX_LIBRARY = "libc++";
				CLANG_ENABLE_MODULES = YES;
				CLANG_ENABLE_OBJC_ARC = YES;
				CLANG_WARN_BOOL_CONVERSION = YES;
				CLANG_WARN_CONSTANT_CONVERSION = YES;
				CLANG_WARN_DIRECT_OBJC_ISA_USAGE = YES_ERROR;
				CLANG_WARN_DOCUMENTATION_COMMENTS = YES;
				CLANG_WARN_EMPTY_BODY = YES;
				CLANG_WARN_ENUM_CONVERSION = YES;
				CLANG_WARN_INFINITE_RECURSION = YES;
				CLANG_WARN_INT_CONVERSION = YES;
				CLANG_WARN_OBJC_ROOT_CLASS = YES_ERROR;
				CLANG_WARN_SUSPICIOUS_MOVES = YES;
				CLANG_WARN_UNREACHABLE_CODE = YES;
				CLANG_WARN__DUPLICATE_METHOD_MATCH = YES;
				"CODE_SIGN_IDENTITY[sdk=iphoneos*]" = "iPhone Developer";
				COPY_PHASE_STRIP = NO;
				DEBUG_INFORMATION_FORMAT = "dwarf-with-dsym";
				ENABLE_NS_ASSERTIONS = NO;
				ENABLE_STRICT_OBJC_MSGSEND = YES;
				GCC_C_LANGUAGE_STANDARD = gnu99;
				GCC_NO_COMMON_BLOCKS = YES;
				GCC_WARN_64_TO_32_BIT_CONVERSION = YES;
				GCC_WARN_ABOUT_RETURN_TYPE = YES_ERROR;
				GCC_WARN_UNDECLARED_SELECTOR = YES;
				GCC_WARN_UNINITIALIZED_AUTOS = YES_AGGRESSIVE;
				GCC_WARN_UNUSED_FUNCTION = YES;
				GCC_WARN_UNUSED_VARIABLE = YES;
				IPHONEOS_DEPLOYMENT_TARGET = 10.1;
				MTL_ENABLE_DEBUG_INFO = NO;
				SDKROOT = iphoneos;
				SWIFT_OPTIMIZATION_LEVEL = "-Owholemodule";
				TARGETED_DEVICE_FAMILY = "1,2";
				VALIDATE_PRODUCT = YES;
			};
			name = Release;
		};
		3DFB3BB41E6F56900006FEE2 /* Debug */ = {
			isa = XCBuildConfiguration;
			baseConfigurationReference = 0EB4E7943794FED6C897003F /* Pods-Cat Nap.debug.xcconfig */;
			buildSettings = {
				ASSETCATALOG_COMPILER_APPICON_NAME = AppIcon;
				DEVELOPMENT_TEAM = CHJT78XY84;
				INFOPLIST_FILE = "Cat Nap/Info.plist";
				LD_RUNPATH_SEARCH_PATHS = "$(inherited) @executable_path/Frameworks";
				PRODUCT_BUNDLE_IDENTIFIER = "com.SusanLovaglio.Cat-Nap";
				PRODUCT_NAME = "$(TARGET_NAME)";
				SWIFT_VERSION = 3.0;
			};
			name = Debug;
		};
		3DFB3BB51E6F56900006FEE2 /* Release */ = {
			isa = XCBuildConfiguration;
			baseConfigurationReference = EFE0A2818F014CC8FB5CF9A2 /* Pods-Cat Nap.release.xcconfig */;
			buildSettings = {
				ASSETCATALOG_COMPILER_APPICON_NAME = AppIcon;
				DEVELOPMENT_TEAM = CHJT78XY84;
				INFOPLIST_FILE = "Cat Nap/Info.plist";
				LD_RUNPATH_SEARCH_PATHS = "$(inherited) @executable_path/Frameworks";
				PRODUCT_BUNDLE_IDENTIFIER = "com.SusanLovaglio.Cat-Nap";
				PRODUCT_NAME = "$(TARGET_NAME)";
				SWIFT_VERSION = 3.0;
			};
			name = Release;
		};
		3DFB3BB71E6F56900006FEE2 /* Debug */ = {
			isa = XCBuildConfiguration;
			baseConfigurationReference = A1316BCC8AA33C4C31245E6F /* Pods-Cat NapTests.debug.xcconfig */;
			buildSettings = {
				ALWAYS_EMBED_SWIFT_STANDARD_LIBRARIES = YES;
				BUNDLE_LOADER = "$(TEST_HOST)";
				DEVELOPMENT_TEAM = CHJT78XY84;
				INFOPLIST_FILE = "Cat NapTests/Info.plist";
				LD_RUNPATH_SEARCH_PATHS = "$(inherited) @executable_path/Frameworks @loader_path/Frameworks";
				PRODUCT_BUNDLE_IDENTIFIER = "com.SusanLovaglio.Cat-NapTests";
				PRODUCT_NAME = "$(TARGET_NAME)";
				SWIFT_VERSION = 3.0;
				TEST_HOST = "$(BUILT_PRODUCTS_DIR)/Cat Nap.app/Cat Nap";
			};
			name = Debug;
		};
		3DFB3BB81E6F56900006FEE2 /* Release */ = {
			isa = XCBuildConfiguration;
			baseConfigurationReference = 6C336EEC016FCB78B71239CB /* Pods-Cat NapTests.release.xcconfig */;
			buildSettings = {
				ALWAYS_EMBED_SWIFT_STANDARD_LIBRARIES = YES;
				BUNDLE_LOADER = "$(TEST_HOST)";
				DEVELOPMENT_TEAM = CHJT78XY84;
				INFOPLIST_FILE = "Cat NapTests/Info.plist";
				LD_RUNPATH_SEARCH_PATHS = "$(inherited) @executable_path/Frameworks @loader_path/Frameworks";
				PRODUCT_BUNDLE_IDENTIFIER = "com.SusanLovaglio.Cat-NapTests";
				PRODUCT_NAME = "$(TARGET_NAME)";
				SWIFT_VERSION = 3.0;
				TEST_HOST = "$(BUILT_PRODUCTS_DIR)/Cat Nap.app/Cat Nap";
			};
			name = Release;
		};
		3DFB3BBA1E6F56900006FEE2 /* Debug */ = {
			isa = XCBuildConfiguration;
			baseConfigurationReference = DE3149A73D51BAA988CC172A /* Pods-Cat NapUITests.debug.xcconfig */;
			buildSettings = {
				ALWAYS_EMBED_SWIFT_STANDARD_LIBRARIES = YES;
				DEVELOPMENT_TEAM = CHJT78XY84;
				INFOPLIST_FILE = "Cat NapUITests/Info.plist";
				LD_RUNPATH_SEARCH_PATHS = "$(inherited) @executable_path/Frameworks @loader_path/Frameworks";
				PRODUCT_BUNDLE_IDENTIFIER = "com.SusanLovaglio.Cat-NapUITests";
				PRODUCT_NAME = "$(TARGET_NAME)";
				SWIFT_VERSION = 3.0;
				TEST_TARGET_NAME = "Cat Nap";
			};
			name = Debug;
		};
		3DFB3BBB1E6F56900006FEE2 /* Release */ = {
			isa = XCBuildConfiguration;
			baseConfigurationReference = CED8741E829D15721097F43B /* Pods-Cat NapUITests.release.xcconfig */;
			buildSettings = {
				ALWAYS_EMBED_SWIFT_STANDARD_LIBRARIES = YES;
				DEVELOPMENT_TEAM = CHJT78XY84;
				INFOPLIST_FILE = "Cat NapUITests/Info.plist";
				LD_RUNPATH_SEARCH_PATHS = "$(inherited) @executable_path/Frameworks @loader_path/Frameworks";
				PRODUCT_BUNDLE_IDENTIFIER = "com.SusanLovaglio.Cat-NapUITests";
				PRODUCT_NAME = "$(TARGET_NAME)";
				SWIFT_VERSION = 3.0;
				TEST_TARGET_NAME = "Cat Nap";
			};
			name = Release;
		};
/* End XCBuildConfiguration section */

/* Begin XCConfigurationList section */
		3DFB3B831E6F568F0006FEE2 /* Build configuration list for PBXProject "Cat Nap" */ = {
			isa = XCConfigurationList;
			buildConfigurations = (
				3DFB3BB11E6F56900006FEE2 /* Debug */,
				3DFB3BB21E6F56900006FEE2 /* Release */,
			);
			defaultConfigurationIsVisible = 0;
			defaultConfigurationName = Release;
		};
		3DFB3BB31E6F56900006FEE2 /* Build configuration list for PBXNativeTarget "Cat Nap" */ = {
			isa = XCConfigurationList;
			buildConfigurations = (
				3DFB3BB41E6F56900006FEE2 /* Debug */,
				3DFB3BB51E6F56900006FEE2 /* Release */,
			);
			defaultConfigurationIsVisible = 0;
			defaultConfigurationName = Release;
		};
		3DFB3BB61E6F56900006FEE2 /* Build configuration list for PBXNativeTarget "Cat NapTests" */ = {
			isa = XCConfigurationList;
			buildConfigurations = (
				3DFB3BB71E6F56900006FEE2 /* Debug */,
				3DFB3BB81E6F56900006FEE2 /* Release */,
			);
			defaultConfigurationIsVisible = 0;
			defaultConfigurationName = Release;
		};
		3DFB3BB91E6F56900006FEE2 /* Build configuration list for PBXNativeTarget "Cat NapUITests" */ = {
			isa = XCConfigurationList;
			buildConfigurations = (
				3DFB3BBA1E6F56900006FEE2 /* Debug */,
				3DFB3BBB1E6F56900006FEE2 /* Release */,
			);
			defaultConfigurationIsVisible = 0;
			defaultConfigurationName = Release;
		};
/* End XCConfigurationList section */

/* Begin XCVersionGroup section */
		3DFB3B921E6F568F0006FEE2 /* Cat_Nap.xcdatamodeld */ = {
			isa = XCVersionGroup;
			children = (
				3DFB3B931E6F568F0006FEE2 /* Cat_Nap.xcdatamodel */,
			);
			currentVersion = 3DFB3B931E6F568F0006FEE2 /* Cat_Nap.xcdatamodel */;
			path = Cat_Nap.xcdatamodeld;
			sourceTree = "<group>";
			versionGroupType = wrapper.xcdatamodel;
		};
/* End XCVersionGroup section */
	};
	rootObject = 3DFB3B801E6F568F0006FEE2 /* Project object */;
}
